
Microsoft Visual Studio Solution File, Format Version 12.00
# Visual Studio 15
VisualStudioVersion = 15.0.28307.779
MinimumVisualStudioVersion = 10.0.40219.1
Project("{FAE04EC0-301F-11D3-BF4B-00C04F79EFBC}") = "ISTM250Project1", "ISTM250Project1\ISTM250Project1.csproj", "{4316EDA3-3FEC-4914-A443-136ECA6A5770}"
EndProject
Global
	GlobalSection(SolutionConfigurationPlatforms) = preSolution
		Debug|Any CPU = Debug|Any CPU
		Release|Any CPU = Release|Any CPU
	EndGlobalSection
	GlobalSection(ProjectConfigurationPlatforms) = postSolution
		{4316EDA3-3FEC-4914-A443-136ECA6A5770}.Debug|Any CPU.ActiveCfg = Debug|Any CPU
		{4316EDA3-3FEC-4914-A443-136ECA6A5770}.Debug|Any CPU.Build.0 = Debug|Any CPU
		{4316EDA3-3FEC-4914-A443-136ECA6A5770}.Release|Any CPU.ActiveCfg = Release|Any CPU
		{4316EDA3-3FEC-4914-A443-136ECA6A5770}.Release|Any CPU.Build.0 = Release|Any CPU
	EndGlobalSection
	GlobalSection(SolutionProperties) = preSolution
		HideSolutionNode = FALSE
	EndGlobalSection
	GlobalSection(ExtensibilityGlobals) = postSolution
		SolutionGuid = {30FE23B7-DDF5-4579-9D19-5BABF5FA4003}
	EndGlobalSection
EndGlobal
